// !$*UTF8*$!
{
	archiveVersion = 1;
	classes = {
	};
	objectVersion = 56;
	objects = {

/* Begin PBXBuildFile section */
		4C2DE4A829F77ACE0002F54D /* GoogleService-Info.plist in Resources */ = {isa = PBXBuildFile; fileRef = 4C2DE4A729F77ACE0002F54D /* GoogleService-Info.plist */; };
		4C2DE4AA29F786C50002F54D /* LoginView.swift in Sources */ = {isa = PBXBuildFile; fileRef = 4C2DE4A929F786C50002F54D /* LoginView.swift */; };
		4C2DE4AC29F8465A0002F54D /* TeamDetailViewModel.swift in Sources */ = {isa = PBXBuildFile; fileRef = 4C2DE4AB29F8465A0002F54D /* TeamDetailViewModel.swift */; };
		4C2DE4AE29F8470E0002F54D /* Game.swift in Sources */ = {isa = PBXBuildFile; fileRef = 4C2DE4AD29F8470E0002F54D /* Game.swift */; };
		4C2DE4B029F862030002F54D /* StatFinderView.swift in Sources */ = {isa = PBXBuildFile; fileRef = 4C2DE4AF29F862030002F54D /* StatFinderView.swift */; };
		4C2DE4B229F8B9AE0002F54D /* GameStats.swift in Sources */ = {isa = PBXBuildFile; fileRef = 4C2DE4B129F8B9AE0002F54D /* GameStats.swift */; };
		4C2DE4B429F8BC210002F54D /* StatFinderViewModel.swift in Sources */ = {isa = PBXBuildFile; fileRef = 4C2DE4B329F8BC210002F54D /* StatFinderViewModel.swift */; };
		4C2DE4B629FB27E20002F54D /* GameStatsView.swift in Sources */ = {isa = PBXBuildFile; fileRef = 4C2DE4B529FB27E20002F54D /* GameStatsView.swift */; };
		4C2DE4B829FB37740002F54D /* StatFilter.swift in Sources */ = {isa = PBXBuildFile; fileRef = 4C2DE4B729FB37740002F54D /* StatFilter.swift */; };
		4C2DE4BA29FC371D0002F54D /* ConversationViewModel.swift in Sources */ = {isa = PBXBuildFile; fileRef = 4C2DE4B929FC371D0002F54D /* ConversationViewModel.swift */; };
		4C2DE4BC29FC37380002F54D /* Comment.swift in Sources */ = {isa = PBXBuildFile; fileRef = 4C2DE4BB29FC37380002F54D /* Comment.swift */; };
		4C2DE4BE29FC3A710002F54D /* ConversationView.swift in Sources */ = {isa = PBXBuildFile; fileRef = 4C2DE4BD29FC3A710002F54D /* ConversationView.swift */; };
		4C2F54CB29F585B20003F771 /* TeamsListView.swift in Sources */ = {isa = PBXBuildFile; fileRef = 4C2F54CA29F585B20003F771 /* TeamsListView.swift */; };
		4C2F54D129F586FC0003F771 /* TeamsViewModel.swift in Sources */ = {isa = PBXBuildFile; fileRef = 4C2F54D029F586FC0003F771 /* TeamsViewModel.swift */; };
		4C2F54D329F5CE520003F771 /* CurrentTeamDetailView.swift in Sources */ = {isa = PBXBuildFile; fileRef = 4C2F54D229F5CE520003F771 /* CurrentTeamDetailView.swift */; };
		4C2F54D529F5CE640003F771 /* HistoricTeamDetailView.swift in Sources */ = {isa = PBXBuildFile; fileRef = 4C2F54D429F5CE640003F771 /* HistoricTeamDetailView.swift */; };
		4C2F54D829F717A30003F771 /* HistoricTeamsListView.swift in Sources */ = {isa = PBXBuildFile; fileRef = 4C2F54D729F717A30003F771 /* HistoricTeamsListView.swift */; };
		4C2F54DE29F738B90003F771 /* FirebaseAuth in Frameworks */ = {isa = PBXBuildFile; productRef = 4C2F54DD29F738B90003F771 /* FirebaseAuth */; };
		4C2F54E029F738B90003F771 /* FirebaseFirestore in Frameworks */ = {isa = PBXBuildFile; productRef = 4C2F54DF29F738B90003F771 /* FirebaseFirestore */; };
		4C2F54E229F738B90003F771 /* FirebaseFirestoreSwift in Frameworks */ = {isa = PBXBuildFile; productRef = 4C2F54E129F738B90003F771 /* FirebaseFirestoreSwift */; };
		4C2F54E429F738B90003F771 /* FirebaseStorage in Frameworks */ = {isa = PBXBuildFile; productRef = 4C2F54E329F738B90003F771 /* FirebaseStorage */; };
		4C2F54E629F73B400003F771 /* constants.swift in Sources */ = {isa = PBXBuildFile; fileRef = 4C2F54E529F73B400003F771 /* constants.swift */; };
		4C44BF5629F0579C00875CE4 /* nbaApp.swift in Sources */ = {isa = PBXBuildFile; fileRef = 4C44BF5529F0579C00875CE4 /* nbaApp.swift */; };
		4C44BF5829F0579C00875CE4 /* DashboardView.swift in Sources */ = {isa = PBXBuildFile; fileRef = 4C44BF5729F0579C00875CE4 /* DashboardView.swift */; };
		4C44BF5A29F0579D00875CE4 /* Assets.xcassets in Resources */ = {isa = PBXBuildFile; fileRef = 4C44BF5929F0579D00875CE4 /* Assets.xcassets */; };
		4C44BF5D29F0579D00875CE4 /* Preview Assets.xcassets in Resources */ = {isa = PBXBuildFile; fileRef = 4C44BF5C29F0579D00875CE4 /* Preview Assets.xcassets */; };
		4CDA52B929F0792500CB0AA2 /* Player.swift in Sources */ = {isa = PBXBuildFile; fileRef = 4CDA52B829F0792500CB0AA2 /* Player.swift */; };
		4CDA52BF29F07A5000CB0AA2 /* PlayersListView.swift in Sources */ = {isa = PBXBuildFile; fileRef = 4CDA52BE29F07A5000CB0AA2 /* PlayersListView.swift */; };
		4CDA52C129F07A6700CB0AA2 /* PlayerDetailView.swift in Sources */ = {isa = PBXBuildFile; fileRef = 4CDA52C029F07A6700CB0AA2 /* PlayerDetailView.swift */; };
		4CDA52C329F07A7200CB0AA2 /* PlayersViewModel.swift in Sources */ = {isa = PBXBuildFile; fileRef = 4CDA52C229F07A7200CB0AA2 /* PlayersViewModel.swift */; };
		4CDA52C529F07A8600CB0AA2 /* PlayerDetailViewModel.swift in Sources */ = {isa = PBXBuildFile; fileRef = 4CDA52C429F07A8600CB0AA2 /* PlayerDetailViewModel.swift */; };
		4CDA52C729F2E4D700CB0AA2 /* Team.swift in Sources */ = {isa = PBXBuildFile; fileRef = 4CDA52C629F2E4D600CB0AA2 /* Team.swift */; };
		4CDA52C929F2F4D800CB0AA2 /* SeasonAverages.swift in Sources */ = {isa = PBXBuildFile; fileRef = 4CDA52C829F2F4D800CB0AA2 /* SeasonAverages.swift */; };
/* End PBXBuildFile section */

/* Begin PBXFileReference section */
		4C2DE4A729F77ACE0002F54D /* GoogleService-Info.plist */ = {isa = PBXFileReference; fileEncoding = 4; lastKnownFileType = text.plist.xml; path = "GoogleService-Info.plist"; sourceTree = "<group>"; };
		4C2DE4A929F786C50002F54D /* LoginView.swift */ = {isa = PBXFileReference; lastKnownFileType = sourcecode.swift; path = LoginView.swift; sourceTree = "<group>"; };
		4C2DE4AB29F8465A0002F54D /* TeamDetailViewModel.swift */ = {isa = PBXFileReference; lastKnownFileType = sourcecode.swift; path = TeamDetailViewModel.swift; sourceTree = "<group>"; };
		4C2DE4AD29F8470E0002F54D /* Game.swift */ = {isa = PBXFileReference; lastKnownFileType = sourcecode.swift; path = Game.swift; sourceTree = "<group>"; };
		4C2DE4AF29F862030002F54D /* StatFinderView.swift */ = {isa = PBXFileReference; lastKnownFileType = sourcecode.swift; path = StatFinderView.swift; sourceTree = "<group>"; };
		4C2DE4B129F8B9AE0002F54D /* GameStats.swift */ = {isa = PBXFileReference; lastKnownFileType = sourcecode.swift; path = GameStats.swift; sourceTree = "<group>"; };
		4C2DE4B329F8BC210002F54D /* StatFinderViewModel.swift */ = {isa = PBXFileReference; lastKnownFileType = sourcecode.swift; path = StatFinderViewModel.swift; sourceTree = "<group>"; };
		4C2DE4B529FB27E20002F54D /* GameStatsView.swift */ = {isa = PBXFileReference; lastKnownFileType = sourcecode.swift; path = GameStatsView.swift; sourceTree = "<group>"; };
		4C2DE4B729FB37740002F54D /* StatFilter.swift */ = {isa = PBXFileReference; lastKnownFileType = sourcecode.swift; path = StatFilter.swift; sourceTree = "<group>"; };
		4C2DE4B929FC371D0002F54D /* ConversationViewModel.swift */ = {isa = PBXFileReference; lastKnownFileType = sourcecode.swift; path = ConversationViewModel.swift; sourceTree = "<group>"; };
		4C2DE4BB29FC37380002F54D /* Comment.swift */ = {isa = PBXFileReference; lastKnownFileType = sourcecode.swift; path = Comment.swift; sourceTree = "<group>"; };
		4C2DE4BD29FC3A710002F54D /* ConversationView.swift */ = {isa = PBXFileReference; lastKnownFileType = sourcecode.swift; path = ConversationView.swift; sourceTree = "<group>"; };
		4C2F54CA29F585B20003F771 /* TeamsListView.swift */ = {isa = PBXFileReference; lastKnownFileType = sourcecode.swift; path = TeamsListView.swift; sourceTree = "<group>"; };
		4C2F54D029F586FC0003F771 /* TeamsViewModel.swift */ = {isa = PBXFileReference; lastKnownFileType = sourcecode.swift; path = TeamsViewModel.swift; sourceTree = "<group>"; };
		4C2F54D229F5CE520003F771 /* CurrentTeamDetailView.swift */ = {isa = PBXFileReference; lastKnownFileType = sourcecode.swift; path = CurrentTeamDetailView.swift; sourceTree = "<group>"; };
		4C2F54D429F5CE640003F771 /* HistoricTeamDetailView.swift */ = {isa = PBXFileReference; lastKnownFileType = sourcecode.swift; path = HistoricTeamDetailView.swift; sourceTree = "<group>"; };
		4C2F54D629F6E4640003F771 /* Info.plist */ = {isa = PBXFileReference; lastKnownFileType = text.plist; path = Info.plist; sourceTree = "<group>"; };
		4C2F54D729F717A30003F771 /* HistoricTeamsListView.swift */ = {isa = PBXFileReference; lastKnownFileType = sourcecode.swift; path = HistoricTeamsListView.swift; sourceTree = "<group>"; };
		4C2F54E529F73B400003F771 /* constants.swift */ = {isa = PBXFileReference; lastKnownFileType = sourcecode.swift; path = constants.swift; sourceTree = "<group>"; };
		4C44BF5229F0579C00875CE4 /* nba.app */ = {isa = PBXFileReference; explicitFileType = wrapper.application; includeInIndex = 0; path = nba.app; sourceTree = BUILT_PRODUCTS_DIR; };
		4C44BF5529F0579C00875CE4 /* nbaApp.swift */ = {isa = PBXFileReference; lastKnownFileType = sourcecode.swift; path = nbaApp.swift; sourceTree = "<group>"; };
		4C44BF5729F0579C00875CE4 /* DashboardView.swift */ = {isa = PBXFileReference; lastKnownFileType = sourcecode.swift; path = DashboardView.swift; sourceTree = "<group>"; };
		4C44BF5929F0579D00875CE4 /* Assets.xcassets */ = {isa = PBXFileReference; lastKnownFileType = folder.assetcatalog; path = Assets.xcassets; sourceTree = "<group>"; };
		4C44BF5C29F0579D00875CE4 /* Preview Assets.xcassets */ = {isa = PBXFileReference; lastKnownFileType = folder.assetcatalog; path = "Preview Assets.xcassets"; sourceTree = "<group>"; };
		4CDA52B829F0792500CB0AA2 /* Player.swift */ = {isa = PBXFileReference; lastKnownFileType = sourcecode.swift; path = Player.swift; sourceTree = "<group>"; };
		4CDA52BE29F07A5000CB0AA2 /* PlayersListView.swift */ = {isa = PBXFileReference; lastKnownFileType = sourcecode.swift; path = PlayersListView.swift; sourceTree = "<group>"; };
		4CDA52C029F07A6700CB0AA2 /* PlayerDetailView.swift */ = {isa = PBXFileReference; lastKnownFileType = sourcecode.swift; path = PlayerDetailView.swift; sourceTree = "<group>"; };
		4CDA52C229F07A7200CB0AA2 /* PlayersViewModel.swift */ = {isa = PBXFileReference; lastKnownFileType = sourcecode.swift; path = PlayersViewModel.swift; sourceTree = "<group>"; };
		4CDA52C429F07A8600CB0AA2 /* PlayerDetailViewModel.swift */ = {isa = PBXFileReference; lastKnownFileType = sourcecode.swift; path = PlayerDetailViewModel.swift; sourceTree = "<group>"; };
		4CDA52C629F2E4D600CB0AA2 /* Team.swift */ = {isa = PBXFileReference; lastKnownFileType = sourcecode.swift; path = Team.swift; sourceTree = "<group>"; };
		4CDA52C829F2F4D800CB0AA2 /* SeasonAverages.swift */ = {isa = PBXFileReference; lastKnownFileType = sourcecode.swift; path = SeasonAverages.swift; sourceTree = "<group>"; };
/* End PBXFileReference section */

/* Begin PBXFrameworksBuildPhase section */
		4C44BF4F29F0579C00875CE4 /* Frameworks */ = {
			isa = PBXFrameworksBuildPhase;
			buildActionMask = 2147483647;
			files = (
				4C2F54DE29F738B90003F771 /* FirebaseAuth in Frameworks */,
				4C2F54E429F738B90003F771 /* FirebaseStorage in Frameworks */,
				4C2F54E029F738B90003F771 /* FirebaseFirestore in Frameworks */,
				4C2F54E229F738B90003F771 /* FirebaseFirestoreSwift in Frameworks */,
			);
			runOnlyForDeploymentPostprocessing = 0;
		};
/* End PBXFrameworksBuildPhase section */

/* Begin PBXGroup section */
		4C2F54C729F585860003F771 /* Team */ = {
			isa = PBXGroup;
			children = (
				4C2F54CA29F585B20003F771 /* TeamsListView.swift */,
				4C2F54D229F5CE520003F771 /* CurrentTeamDetailView.swift */,
				4C2F54D429F5CE640003F771 /* HistoricTeamDetailView.swift */,
				4C2F54D729F717A30003F771 /* HistoricTeamsListView.swift */,
			);
			path = Team;
			sourceTree = "<group>";
		};
		4C2F54CF29F586DE0003F771 /* Team */ = {
			isa = PBXGroup;
			children = (
				4C2F54D029F586FC0003F771 /* TeamsViewModel.swift */,
				4C2DE4AB29F8465A0002F54D /* TeamDetailViewModel.swift */,
			);
			name = Team;
			path = Player/Team;
			sourceTree = "<group>";
		};
		4C2F54DB29F736640003F771 /* Frameworks */ = {
			isa = PBXGroup;
			children = (
			);
			name = Frameworks;
			sourceTree = "<group>";
		};
		4C44BF4929F0579C00875CE4 = {
			isa = PBXGroup;
			children = (
				4C2DE4A729F77ACE0002F54D /* GoogleService-Info.plist */,
				4C44BF5429F0579C00875CE4 /* nba */,
				4C44BF5329F0579C00875CE4 /* Products */,
				4C2F54DB29F736640003F771 /* Frameworks */,
			);
			sourceTree = "<group>";
			usesTabs = 0;
		};
		4C44BF5329F0579C00875CE4 /* Products */ = {
			isa = PBXGroup;
			children = (
				4C44BF5229F0579C00875CE4 /* nba.app */,
			);
			name = Products;
			sourceTree = "<group>";
		};
		4C44BF5429F0579C00875CE4 /* nba */ = {
			isa = PBXGroup;
			children = (
				4C2F54D629F6E4640003F771 /* Info.plist */,
				4C44BF5529F0579C00875CE4 /* nbaApp.swift */,
				4C2F54E529F73B400003F771 /* constants.swift */,
				4CDA52B329F078DE00CB0AA2 /* Models */,
				4CDA52B629F078F900CB0AA2 /* ViewModels */,
				4CDA52B729F0790700CB0AA2 /* Views */,
				4C44BF5929F0579D00875CE4 /* Assets.xcassets */,
				4C44BF5B29F0579D00875CE4 /* Preview Content */,
			);
			path = nba;
			sourceTree = "<group>";
		};
		4C44BF5B29F0579D00875CE4 /* Preview Content */ = {
			isa = PBXGroup;
			children = (
				4C44BF5C29F0579D00875CE4 /* Preview Assets.xcassets */,
			);
			path = "Preview Content";
			sourceTree = "<group>";
		};
		4CDA52B329F078DE00CB0AA2 /* Models */ = {
			isa = PBXGroup;
			children = (
				4CDA52B829F0792500CB0AA2 /* Player.swift */,
				4CDA52C629F2E4D600CB0AA2 /* Team.swift */,
				4CDA52C829F2F4D800CB0AA2 /* SeasonAverages.swift */,
				4C2DE4AD29F8470E0002F54D /* Game.swift */,
				4C2DE4B129F8B9AE0002F54D /* GameStats.swift */,
				4C2DE4BB29FC37380002F54D /* Comment.swift */,
			);
			path = Models;
			sourceTree = "<group>";
		};
		4CDA52B629F078F900CB0AA2 /* ViewModels */ = {
			isa = PBXGroup;
			children = (
				4CDA52BD29F079D500CB0AA2 /* Player */,
				4C2F54CF29F586DE0003F771 /* Team */,
			);
			path = ViewModels;
			sourceTree = "<group>";
		};
		4CDA52B729F0790700CB0AA2 /* Views */ = {
			isa = PBXGroup;
			children = (
				4C44BF5729F0579C00875CE4 /* DashboardView.swift */,
				4CDA52BA29F0793500CB0AA2 /* Player */,
				4C2F54C729F585860003F771 /* Team */,
				4C2DE4A929F786C50002F54D /* LoginView.swift */,
			);
			path = Views;
			sourceTree = "<group>";
		};
		4CDA52BA29F0793500CB0AA2 /* Player */ = {
			isa = PBXGroup;
			children = (
				4CDA52BE29F07A5000CB0AA2 /* PlayersListView.swift */,
				4CDA52C029F07A6700CB0AA2 /* PlayerDetailView.swift */,
				4C2DE4BD29FC3A710002F54D /* ConversationView.swift */,
				4C2DE4AF29F862030002F54D /* StatFinderView.swift */,
				4C2DE4B729FB37740002F54D /* StatFilter.swift */,
				4C2DE4B529FB27E20002F54D /* GameStatsView.swift */,
			);
			path = Player;
			sourceTree = "<group>";
		};
		4CDA52BD29F079D500CB0AA2 /* Player */ = {
			isa = PBXGroup;
			children = (
				4CDA52C229F07A7200CB0AA2 /* PlayersViewModel.swift */,
				4CDA52C429F07A8600CB0AA2 /* PlayerDetailViewModel.swift */,
				4C2DE4B329F8BC210002F54D /* StatFinderViewModel.swift */,
				4C2DE4B929FC371D0002F54D /* ConversationViewModel.swift */,
			);
			path = Player;
			sourceTree = "<group>";
		};
/* End PBXGroup section */

/* Begin PBXNativeTarget section */
		4C44BF5129F0579C00875CE4 /* nba */ = {
			isa = PBXNativeTarget;
			buildConfigurationList = 4C44BF6029F0579D00875CE4 /* Build configuration list for PBXNativeTarget "nba" */;
			buildPhases = (
				4C44BF4E29F0579C00875CE4 /* Sources */,
				4C44BF4F29F0579C00875CE4 /* Frameworks */,
				4C44BF5029F0579C00875CE4 /* Resources */,
			);
			buildRules = (
			);
			dependencies = (
			);
			name = nba;
			packageProductDependencies = (
				4C2F54DD29F738B90003F771 /* FirebaseAuth */,
				4C2F54DF29F738B90003F771 /* FirebaseFirestore */,
				4C2F54E129F738B90003F771 /* FirebaseFirestoreSwift */,
				4C2F54E329F738B90003F771 /* FirebaseStorage */,
			);
			productName = nba;
			productReference = 4C44BF5229F0579C00875CE4 /* nba.app */;
			productType = "com.apple.product-type.application";
		};
/* End PBXNativeTarget section */

/* Begin PBXProject section */
		4C44BF4A29F0579C00875CE4 /* Project object */ = {
			isa = PBXProject;
			attributes = {
				BuildIndependentTargetsInParallel = 1;
				LastSwiftUpdateCheck = 1420;
				LastUpgradeCheck = 1420;
				TargetAttributes = {
					4C44BF5129F0579C00875CE4 = {
						CreatedOnToolsVersion = 14.2;
					};
				};
			};
			buildConfigurationList = 4C44BF4D29F0579C00875CE4 /* Build configuration list for PBXProject "nba" */;
			compatibilityVersion = "Xcode 14.0";
			developmentRegion = en;
			hasScannedForEncodings = 0;
			knownRegions = (
				en,
				Base,
			);
			mainGroup = 4C44BF4929F0579C00875CE4;
			packageReferences = (
				4C2F54DC29F738B90003F771 /* XCRemoteSwiftPackageReference "firebase-ios-sdk" */,
			);
			productRefGroup = 4C44BF5329F0579C00875CE4 /* Products */;
			projectDirPath = "";
			projectRoot = "";
			targets = (
				4C44BF5129F0579C00875CE4 /* nba */,
			);
		};
/* End PBXProject section */

/* Begin PBXResourcesBuildPhase section */
		4C44BF5029F0579C00875CE4 /* Resources */ = {
			isa = PBXResourcesBuildPhase;
			buildActionMask = 2147483647;
			files = (
				4C44BF5D29F0579D00875CE4 /* Preview Assets.xcassets in Resources */,
				4C44BF5A29F0579D00875CE4 /* Assets.xcassets in Resources */,
				4C2DE4A829F77ACE0002F54D /* GoogleService-Info.plist in Resources */,
			);
			runOnlyForDeploymentPostprocessing = 0;
		};
/* End PBXResourcesBuildPhase section */

/* Begin PBXSourcesBuildPhase section */
		4C44BF4E29F0579C00875CE4 /* Sources */ = {
			isa = PBXSourcesBuildPhase;
			buildActionMask = 2147483647;
			files = (
				4C44BF5829F0579C00875CE4 /* DashboardView.swift in Sources */,
				4C2DE4AE29F8470E0002F54D /* Game.swift in Sources */,
				4C2F54D129F586FC0003F771 /* TeamsViewModel.swift in Sources */,
				4C2F54D329F5CE520003F771 /* CurrentTeamDetailView.swift in Sources */,
				4CDA52C529F07A8600CB0AA2 /* PlayerDetailViewModel.swift in Sources */,
				4C2DE4AC29F8465A0002F54D /* TeamDetailViewModel.swift in Sources */,
				4C2DE4B629FB27E20002F54D /* GameStatsView.swift in Sources */,
				4C2F54D829F717A30003F771 /* HistoricTeamsListView.swift in Sources */,
				4C2F54D529F5CE640003F771 /* HistoricTeamDetailView.swift in Sources */,
				4CDA52C129F07A6700CB0AA2 /* PlayerDetailView.swift in Sources */,
				4C2DE4BC29FC37380002F54D /* Comment.swift in Sources */,
				4C44BF5629F0579C00875CE4 /* nbaApp.swift in Sources */,
				4C2F54E629F73B400003F771 /* constants.swift in Sources */,
				4CDA52C729F2E4D700CB0AA2 /* Team.swift in Sources */,
				4C2DE4BA29FC371D0002F54D /* ConversationViewModel.swift in Sources */,
				4CDA52C329F07A7200CB0AA2 /* PlayersViewModel.swift in Sources */,
				4CDA52C929F2F4D800CB0AA2 /* SeasonAverages.swift in Sources */,
				4C2DE4BE29FC3A710002F54D /* ConversationView.swift in Sources */,
				4CDA52B929F0792500CB0AA2 /* Player.swift in Sources */,
				4C2DE4B429F8BC210002F54D /* StatFinderViewModel.swift in Sources */,
				4C2DE4B029F862030002F54D /* StatFinderView.swift in Sources */,
				4CDA52BF29F07A5000CB0AA2 /* PlayersListView.swift in Sources */,
				4C2DE4AA29F786C50002F54D /* LoginView.swift in Sources */,
				4C2F54CB29F585B20003F771 /* TeamsListView.swift in Sources */,
				4C2DE4B829FB37740002F54D /* StatFilter.swift in Sources */,
				4C2DE4B229F8B9AE0002F54D /* GameStats.swift in Sources */,
			);
			runOnlyForDeploymentPostprocessing = 0;
		};
/* End PBXSourcesBuildPhase section */

/* Begin XCBuildConfiguration section */
		4C44BF5E29F0579D00875CE4 /* Debug */ = {
			isa = XCBuildConfiguration;
			buildSettings = {
				ALWAYS_SEARCH_USER_PATHS = NO;
				CLANG_ANALYZER_NONNULL = YES;
				CLANG_ANALYZER_NUMBER_OBJECT_CONVERSION = YES_AGGRESSIVE;
				CLANG_CXX_LANGUAGE_STANDARD = "gnu++20";
				CLANG_ENABLE_MODULES = YES;
				CLANG_ENABLE_OBJC_ARC = YES;
				CLANG_ENABLE_OBJC_WEAK = YES;
				CLANG_WARN_BLOCK_CAPTURE_AUTORELEASING = YES;
				CLANG_WARN_BOOL_CONVERSION = YES;
				CLANG_WARN_COMMA = YES;
				CLANG_WARN_CONSTANT_CONVERSION = YES;
				CLANG_WARN_DEPRECATED_OBJC_IMPLEMENTATIONS = YES;
				CLANG_WARN_DIRECT_OBJC_ISA_USAGE = YES_ERROR;
				CLANG_WARN_DOCUMENTATION_COMMENTS = YES;
				CLANG_WARN_EMPTY_BODY = YES;
				CLANG_WARN_ENUM_CONVERSION = YES;
				CLANG_WARN_INFINITE_RECURSION = YES;
				CLANG_WARN_INT_CONVERSION = YES;
				CLANG_WARN_NON_LITERAL_NULL_CONVERSION = YES;
				CLANG_WARN_OBJC_IMPLICIT_RETAIN_SELF = YES;
				CLANG_WARN_OBJC_LITERAL_CONVERSION = YES;
				CLANG_WARN_OBJC_ROOT_CLASS = YES_ERROR;
				CLANG_WARN_QUOTED_INCLUDE_IN_FRAMEWORK_HEADER = YES;
				CLANG_WARN_RANGE_LOOP_ANALYSIS = YES;
				CLANG_WARN_STRICT_PROTOTYPES = YES;
				CLANG_WARN_SUSPICIOUS_MOVE = YES;
				CLANG_WARN_UNGUARDED_AVAILABILITY = YES_AGGRESSIVE;
				CLANG_WARN_UNREACHABLE_CODE = YES;
				CLANG_WARN__DUPLICATE_METHOD_MATCH = YES;
				COPY_PHASE_STRIP = NO;
				DEBUG_INFORMATION_FORMAT = dwarf;
				ENABLE_STRICT_OBJC_MSGSEND = YES;
				ENABLE_TESTABILITY = YES;
				GCC_C_LANGUAGE_STANDARD = gnu11;
				GCC_DYNAMIC_NO_PIC = NO;
				GCC_NO_COMMON_BLOCKS = YES;
				GCC_OPTIMIZATION_LEVEL = 0;
				GCC_PREPROCESSOR_DEFINITIONS = (
					"DEBUG=1",
					"$(inherited)",
				);
				GCC_WARN_64_TO_32_BIT_CONVERSION = YES;
				GCC_WARN_ABOUT_RETURN_TYPE = YES_ERROR;
				GCC_WARN_UNDECLARED_SELECTOR = YES;
				GCC_WARN_UNINITIALIZED_AUTOS = YES_AGGRESSIVE;
				GCC_WARN_UNUSED_FUNCTION = YES;
				GCC_WARN_UNUSED_VARIABLE = YES;
				IPHONEOS_DEPLOYMENT_TARGET = 16.2;
				MTL_ENABLE_DEBUG_INFO = INCLUDE_SOURCE;
				MTL_FAST_MATH = YES;
				ONLY_ACTIVE_ARCH = YES;
				SDKROOT = iphoneos;
				SWIFT_ACTIVE_COMPILATION_CONDITIONS = DEBUG;
				SWIFT_OPTIMIZATION_LEVEL = "-Onone";
			};
			name = Debug;
		};
		4C44BF5F29F0579D00875CE4 /* Release */ = {
			isa = XCBuildConfiguration;
			buildSettings = {
				ALWAYS_SEARCH_USER_PATHS = NO;
				CLANG_ANALYZER_NONNULL = YES;
				CLANG_ANALYZER_NUMBER_OBJECT_CONVERSION = YES_AGGRESSIVE;
				CLANG_CXX_LANGUAGE_STANDARD = "gnu++20";
				CLANG_ENABLE_MODULES = YES;
				CLANG_ENABLE_OBJC_ARC = YES;
				CLANG_ENABLE_OBJC_WEAK = YES;
				CLANG_WARN_BLOCK_CAPTURE_AUTORELEASING = YES;
				CLANG_WARN_BOOL_CONVERSION = YES;
				CLANG_WARN_COMMA = YES;
				CLANG_WARN_CONSTANT_CONVERSION = YES;
				CLANG_WARN_DEPRECATED_OBJC_IMPLEMENTATIONS = YES;
				CLANG_WARN_DIRECT_OBJC_ISA_USAGE = YES_ERROR;
				CLANG_WARN_DOCUMENTATION_COMMENTS = YES;
				CLANG_WARN_EMPTY_BODY = YES;
				CLANG_WARN_ENUM_CONVERSION = YES;
				CLANG_WARN_INFINITE_RECURSION = YES;
				CLANG_WARN_INT_CONVERSION = YES;
				CLANG_WARN_NON_LITERAL_NULL_CONVERSION = YES;
				CLANG_WARN_OBJC_IMPLICIT_RETAIN_SELF = YES;
				CLANG_WARN_OBJC_LITERAL_CONVERSION = YES;
				CLANG_WARN_OBJC_ROOT_CLASS = YES_ERROR;
				CLANG_WARN_QUOTED_INCLUDE_IN_FRAMEWORK_HEADER = YES;
				CLANG_WARN_RANGE_LOOP_ANALYSIS = YES;
				CLANG_WARN_STRICT_PROTOTYPES = YES;
				CLANG_WARN_SUSPICIOUS_MOVE = YES;
				CLANG_WARN_UNGUARDED_AVAILABILITY = YES_AGGRESSIVE;
				CLANG_WARN_UNREACHABLE_CODE = YES;
				CLANG_WARN__DUPLICATE_METHOD_MATCH = YES;
				COPY_PHASE_STRIP = NO;
				DEBUG_INFORMATION_FORMAT = "dwarf-with-dsym";
				ENABLE_NS_ASSERTIONS = NO;
				ENABLE_STRICT_OBJC_MSGSEND = YES;
				GCC_C_LANGUAGE_STANDARD = gnu11;
				GCC_NO_COMMON_BLOCKS = YES;
				GCC_WARN_64_TO_32_BIT_CONVERSION = YES;
				GCC_WARN_ABOUT_RETURN_TYPE = YES_ERROR;
				GCC_WARN_UNDECLARED_SELECTOR = YES;
				GCC_WARN_UNINITIALIZED_AUTOS = YES_AGGRESSIVE;
				GCC_WARN_UNUSED_FUNCTION = YES;
				GCC_WARN_UNUSED_VARIABLE = YES;
				IPHONEOS_DEPLOYMENT_TARGET = 16.2;
				MTL_ENABLE_DEBUG_INFO = NO;
				MTL_FAST_MATH = YES;
				SDKROOT = iphoneos;
				SWIFT_COMPILATION_MODE = wholemodule;
				SWIFT_OPTIMIZATION_LEVEL = "-O";
				VALIDATE_PRODUCT = YES;
			};
			name = Release;
		};
		4C44BF6129F0579D00875CE4 /* Debug */ = {
			isa = XCBuildConfiguration;
			buildSettings = {
				ASSETCATALOG_COMPILER_APPICON_NAME = AppIcon;
				ASSETCATALOG_COMPILER_GLOBAL_ACCENT_COLOR_NAME = AccentColor;
				CODE_SIGN_STYLE = Automatic;
				CURRENT_PROJECT_VERSION = 1;
				DEVELOPMENT_ASSET_PATHS = "\"nba/Preview Content\"";
				DEVELOPMENT_TEAM = K664UR6568;
				ENABLE_PREVIEWS = YES;
				GENERATE_INFOPLIST_FILE = YES;
				INFOPLIST_FILE = nba/Info.plist;
				INFOPLIST_KEY_CFBundleDisplayName = BallBuzz;
				INFOPLIST_KEY_LSApplicationCategoryType = "public.app-category.sports";
				INFOPLIST_KEY_UIApplicationSceneManifest_Generation = YES;
				INFOPLIST_KEY_UIApplicationSupportsIndirectInputEvents = YES;
				INFOPLIST_KEY_UISupportedInterfaceOrientations_iPad = "UIInterfaceOrientationPortrait UIInterfaceOrientationPortraitUpsideDown UIInterfaceOrientationLandscapeLeft UIInterfaceOrientationLandscapeRight";
				INFOPLIST_KEY_UISupportedInterfaceOrientations_iPhone = "UIInterfaceOrientationPortrait UIInterfaceOrientationLandscapeLeft UIInterfaceOrientationLandscapeRight";
				LD_RUNPATH_SEARCH_PATHS = (
					"$(inherited)",
					"@executable_path/Frameworks",
				);
				MARKETING_VERSION = 1.0;
				PRODUCT_BUNDLE_IDENTIFIER = com.mb.nba;
				PRODUCT_NAME = "$(TARGET_NAME)";
				SWIFT_EMIT_LOC_STRINGS = YES;
				SWIFT_VERSION = 5.0;
				TARGETED_DEVICE_FAMILY = "1,2";
			};
			name = Debug;
		};
		4C44BF6229F0579D00875CE4 /* Release */ = {
			isa = XCBuildConfiguration;
			buildSettings = {
				ASSETCATALOG_COMPILER_APPICON_NAME = AppIcon;
				ASSETCATALOG_COMPILER_GLOBAL_ACCENT_COLOR_NAME = AccentColor;
				CODE_SIGN_STYLE = Automatic;
				CURRENT_PROJECT_VERSION = 1;
				DEVELOPMENT_ASSET_PATHS = "\"nba/Preview Content\"";
				DEVELOPMENT_TEAM = K664UR6568;
				ENABLE_PREVIEWS = YES;
				GENERATE_INFOPLIST_FILE = YES;
				INFOPLIST_FILE = nba/Info.plist;
				INFOPLIST_KEY_CFBundleDisplayName = BallBuzz;
				INFOPLIST_KEY_LSApplicationCategoryType = "public.app-category.sports";
				INFOPLIST_KEY_UIApplicationSceneManifest_Generation = YES;
				INFOPLIST_KEY_UIApplicationSupportsIndirectInputEvents = YES;
				INFOPLIST_KEY_UISupportedInterfaceOrientations_iPad = "UIInterfaceOrientationPortrait UIInterfaceOrientationPortraitUpsideDown UIInterfaceOrientationLandscapeLeft UIInterfaceOrientationLandscapeRight";
				INFOPLIST_KEY_UISupportedInterfaceOrientations_iPhone = "UIInterfaceOrientationPortrait UIInterfaceOrientationLandscapeLeft UIInterfaceOrientationLandscapeRight";
				LD_RUNPATH_SEARCH_PATHS = (
					"$(inherited)",
					"@executable_path/Frameworks",
				);
				MARKETING_VERSION = 1.0;
				PRODUCT_BUNDLE_IDENTIFIER = com.mb.nba;
				PRODUCT_NAME = "$(TARGET_NAME)";
				SWIFT_EMIT_LOC_STRINGS = YES;
				SWIFT_VERSION = 5.0;
				TARGETED_DEVICE_FAMILY = "1,2";
			};
			name = Release;
		};
/* End XCBuildConfiguration section */

/* Begin XCConfigurationList section */
		4C44BF4D29F0579C00875CE4 /* Build configuration list for PBXProject "nba" */ = {
			isa = XCConfigurationList;
			buildConfigurations = (
				4C44BF5E29F0579D00875CE4 /* Debug */,
				4C44BF5F29F0579D00875CE4 /* Release */,
			);
			defaultConfigurationIsVisible = 0;
			defaultConfigurationName = Release;
		};
		4C44BF6029F0579D00875CE4 /* Build configuration list for PBXNativeTarget "nba" */ = {
			isa = XCConfigurationList;
			buildConfigurations = (
				4C44BF6129F0579D00875CE4 /* Debug */,
				4C44BF6229F0579D00875CE4 /* Release */,
			);
			defaultConfigurationIsVisible = 0;
			defaultConfigurationName = Release;
		};
/* End XCConfigurationList section */

/* Begin XCRemoteSwiftPackageReference section */
		4C2F54DC29F738B90003F771 /* XCRemoteSwiftPackageReference "firebase-ios-sdk" */ = {
			isa = XCRemoteSwiftPackageReference;
			repositoryURL = "https://github.com/firebase/firebase-ios-sdk.git";
			requirement = {
				kind = upToNextMajorVersion;
				minimumVersion = 9.0.0;
			};
		};
/* End XCRemoteSwiftPackageReference section */

/* Begin XCSwiftPackageProductDependency section */
		4C2F54DD29F738B90003F771 /* FirebaseAuth */ = {
			isa = XCSwiftPackageProductDependency;
			package = 4C2F54DC29F738B90003F771 /* XCRemoteSwiftPackageReference "firebase-ios-sdk" */;
			productName = FirebaseAuth;
		};
		4C2F54DF29F738B90003F771 /* FirebaseFirestore */ = {
			isa = XCSwiftPackageProductDependency;
			package = 4C2F54DC29F738B90003F771 /* XCRemoteSwiftPackageReference "firebase-ios-sdk" */;
			productName = FirebaseFirestore;
		};
		4C2F54E129F738B90003F771 /* FirebaseFirestoreSwift */ = {
			isa = XCSwiftPackageProductDependency;
			package = 4C2F54DC29F738B90003F771 /* XCRemoteSwiftPackageReference "firebase-ios-sdk" */;
			productName = FirebaseFirestoreSwift;
		};
		4C2F54E329F738B90003F771 /* FirebaseStorage */ = {
			isa = XCSwiftPackageProductDependency;
			package = 4C2F54DC29F738B90003F771 /* XCRemoteSwiftPackageReference "firebase-ios-sdk" */;
			productName = FirebaseStorage;
		};
/* End XCSwiftPackageProductDependency section */
	};
	rootObject = 4C44BF4A29F0579C00875CE4 /* Project object */;
}
